{
  "name": "figart",
  "version": "1.0.0",
  "lockfileVersion": 1,
  "requires": true,
  "dependencies": {
    "g": {
      "version": "2.0.1",
      "resolved": "https://registry.npmjs.org/g/-/g-2.0.1.tgz",
      "integrity": "sha1-C1lj69DKcOO8jGdmk0oCGCHIuFc="
    },
    "total.js": {
      "version": "2.9.2",
      "resolved": "https://registry.npmjs.org/total.js/-/total.js-2.9.2.tgz",
      "integrity": "sha512-PjTQXmi2u9o9cLYrHRJDmOdpWEEOzqAPMGvoSaSR63PGause2Bc+kQTXFkG15xRTBflcBifyWoI5GOALDb3RKA=="
    }
  }
}
